
Microsoft Visual Studio Solution File, Format Version 12.00
# Visual Studio Version 17
VisualStudioVersion = 17.0.32014.148
MinimumVisualStudioVersion = 10.0.40219.1
Project("{FAE04EC0-301F-11D3-BF4B-00C04F79EFBC}") = "GrenadeOfD20", "GrenadeOfD20\GrenadeOfD20.csproj", "{7A0E61F1-64AA-4877-8910-F2660AC08DE6}"
EndProject
Global
	GlobalSection(SolutionConfigurationPlatforms) = preSolution
		Debug|Any CPU = Debug|Any CPU
		Release|Any CPU = Release|Any CPU
	EndGlobalSection
	GlobalSection(ProjectConfigurationPlatforms) = postSolution
		{7A0E61F1-64AA-4877-8910-F2660AC08DE6}.Debug|Any CPU.ActiveCfg = Debug|Any CPU
		{7A0E61F1-64AA-4877-8910-F2660AC08DE6}.Debug|Any CPU.Build.0 = Debug|Any CPU
		{7A0E61F1-64AA-4877-8910-F2660AC08DE6}.Release|Any CPU.ActiveCfg = Release|Any CPU
		{7A0E61F1-64AA-4877-8910-F2660AC08DE6}.Release|Any CPU.Build.0 = Release|Any CPU
	EndGlobalSection
	GlobalSection(SolutionProperties) = preSolution
		HideSolutionNode = FALSE
	EndGlobalSection
	GlobalSection(ExtensibilityGlobals) = postSolution
		SolutionGuid = {D12C6947-A32A-4B98-B856-3541C5788628}
	EndGlobalSection
EndGlobal
